
Microsoft Visual Studio Solution File, Format Version 12.00
# Visual Studio Version 16
VisualStudioVersion = 16.0.30523.141
MinimumVisualStudioVersion = 10.0.40219.1
Project("{9A19103F-16F7-4668-BE54-9A1E7A4F7556}") = "ToDo-List", "WebApplication\ToDo-List.csproj", "{B222BD9D-0F1E-46DD-B369-32D20D138A96}"
EndProject
Project("{FAE04EC0-301F-11D3-BF4B-00C04F79EFBC}") = "Todo-ListTests", "Todo-ListTests\Todo-ListTests.csproj", "{18041CA4-BAB0-4EE8-8E08-1556EAA15A24}"
EndProject
Global
	GlobalSection(SolutionConfigurationPlatforms) = preSolution
		Debug|Any CPU = Debug|Any CPU
		Release|Any CPU = Release|Any CPU
	EndGlobalSection
	GlobalSection(ProjectConfigurationPlatforms) = postSolution
		{B222BD9D-0F1E-46DD-B369-32D20D138A96}.Debug|Any CPU.ActiveCfg = Debug|Any CPU
		{B222BD9D-0F1E-46DD-B369-32D20D138A96}.Debug|Any CPU.Build.0 = Debug|Any CPU
		{B222BD9D-0F1E-46DD-B369-32D20D138A96}.Release|Any CPU.ActiveCfg = Release|Any CPU
		{B222BD9D-0F1E-46DD-B369-32D20D138A96}.Release|Any CPU.Build.0 = Release|Any CPU
		{18041CA4-BAB0-4EE8-8E08-1556EAA15A24}.Debug|Any CPU.ActiveCfg = Debug|Any CPU
		{18041CA4-BAB0-4EE8-8E08-1556EAA15A24}.Debug|Any CPU.Build.0 = Debug|Any CPU
		{18041CA4-BAB0-4EE8-8E08-1556EAA15A24}.Release|Any CPU.ActiveCfg = Release|Any CPU
		{18041CA4-BAB0-4EE8-8E08-1556EAA15A24}.Release|Any CPU.Build.0 = Release|Any CPU
	EndGlobalSection
	GlobalSection(SolutionProperties) = preSolution
		HideSolutionNode = FALSE
	EndGlobalSection
	GlobalSection(ExtensibilityGlobals) = postSolution
		SolutionGuid = {1357CAC2-4F94-429A-B90D-6F3E4BC92CFB}
	EndGlobalSection
EndGlobal
